<?xml version="1.0" encoding="utf-8"?>
<Project ToolsVersion="4.0" xmlns="http://schemas.microsoft.com/developer/msbuild/2003">
  <ItemGroup>
    <ClCompile Include="main.cpp" />
    <ClCompile Include="Engine\Engine.cpp">
      <Filter>Engine</Filter>
    </ClCompile>
    <ClCompile Include="externals\imgui\imgui.cpp">
      <Filter>ImGui</Filter>
    </ClCompile>
    <ClCompile Include="externals\imgui\imgui_demo.cpp">
      <Filter>ImGui</Filter>
    </ClCompile>
    <ClCompile Include="externals\imgui\imgui_draw.cpp">
      <Filter>ImGui</Filter>
    </ClCompile>
    <ClCompile Include="externals\imgui\imgui_impl_dx12.cpp">
      <Filter>ImGui</Filter>
    </ClCompile>
    <ClCompile Include="externals\imgui\imgui_impl_win32.cpp">
      <Filter>ImGui</Filter>
    </ClCompile>
    <ClCompile Include="externals\imgui\imgui_tables.cpp">
      <Filter>ImGui</Filter>
    </ClCompile>
    <ClCompile Include="externals\imgui\imgui_widgets.cpp">
      <Filter>ImGui</Filter>
    </ClCompile>
    <ClCompile Include="Engine\WinApp\WinApp.cpp">
      <Filter>Engine\WinApp</Filter>
    </ClCompile>
    <ClCompile Include="Engine\ShaderManager\ShaderManager.cpp">
      <Filter>Engine\ShaderManager</Filter>
    </ClCompile>
    <ClCompile Include="TextureManager\TextureManager.cpp">
      <Filter>TextureManager</Filter>
    </ClCompile>
    <ClCompile Include="TextureManager\Texture\Texture.cpp">
      <Filter>TextureManager\Texture</Filter>
    </ClCompile>
    <ClCompile Include="AudioManager\AudioManager.cpp">
      <Filter>AudioManager</Filter>
    </ClCompile>
    <ClCompile Include="AudioManager\Audio\Audio.cpp">
      <Filter>AudioManager\Audio</Filter>
    </ClCompile>
    <ClCompile Include="Engine\RootSignature\RootSignature.cpp">
      <Filter>Engine\RootSignature</Filter>
    </ClCompile>
    <ClCompile Include="GlobalVariables\GlobalVariables.cpp">
      <Filter>GlobalVariables</Filter>
    </ClCompile>
    <ClCompile Include="Engine\ErrorCheck\ErrorCheck.cpp">
      <Filter>Engine\ErrorCheck</Filter>
    </ClCompile>
    <ClCompile Include="Input\Gamepad\Gamepad.cpp">
      <Filter>Input\Gamepad</Filter>
    </ClCompile>
    <ClCompile Include="Input\KeyInput\KeyInput.cpp">
      <Filter>Input\KeyInput</Filter>
    </ClCompile>
    <ClCompile Include="Input\Mouse\Mouse.cpp">
      <Filter>Input\Mouse</Filter>
    </ClCompile>
    <ClCompile Include="Drawers\Line\Line.cpp">
      <Filter>Drawers\Line</Filter>
    </ClCompile>
    <ClCompile Include="Drawers\Model\Model.cpp">
      <Filter>Drawers\Model</Filter>
    </ClCompile>
    <ClCompile Include="Drawers\PeraRender\PeraRender.cpp">
      <Filter>Drawers\PeraRender</Filter>
    </ClCompile>
    <ClCompile Include="Drawers\Texture2D\Texture2D.cpp">
      <Filter>Drawers\Texture2D</Filter>
    </ClCompile>
    <ClCompile Include="Drawers\StringOut\StringOut.cpp">
      <Filter>Drawers\StringOut</Filter>
    </ClCompile>
    <ClCompile Include="Engine\PipelineManager\PipelineManager.cpp">
      <Filter>Engine\PipelineManager</Filter>
    </ClCompile>
    <ClCompile Include="Engine\PipelineManager\Pipeline\Pipeline.cpp">
      <Filter>Engine\PipelineManager\Pipeline</Filter>
    </ClCompile>
    <ClCompile Include="Utils\Action\Frame\Frame.cpp">
      <Filter>Utils\Action\Frame</Filter>
    </ClCompile>
    <ClCompile Include="Utils\Camera\Camera.cpp">
      <Filter>Utils\Camera</Filter>
    </ClCompile>
    <ClCompile Include="Utils\Math\Mat4x4.cpp">
      <Filter>Utils\Math</Filter>
    </ClCompile>
    <ClCompile Include="Utils\Math\Vector2.cpp">
      <Filter>Utils\Math</Filter>
    </ClCompile>
    <ClCompile Include="Utils\Math\Vector3.cpp">
      <Filter>Utils\Math</Filter>
    </ClCompile>
    <ClCompile Include="Utils\Math\Vector4.cpp">
      <Filter>Utils\Math</Filter>
    </ClCompile>
    <ClCompile Include="Utils\UIeditor\UIeditor.cpp">
      <Filter>Utils\UIeditor</Filter>
    </ClCompile>
    <ClCompile Include="Engine\RenderTarget\RenderTarget.cpp">
      <Filter>Engine\RenderTarget</Filter>
    </ClCompile>
    <ClCompile Include="Engine\ShaderResource\ShaderResourceHeap.cpp">
      <Filter>Engine\ShaderResource</Filter>
    </ClCompile>
    <ClCompile Include="MeshManager\MeshManager.cpp">
      <Filter>MeshManager</Filter>
    </ClCompile>
    <ClCompile Include="MeshManager\Mesh\Mesh.cpp">
      <Filter>MeshManager\Mesh</Filter>
    </ClCompile>
    <ClCompile Include="Engine\FrameInfo\FrameInfo.cpp">
      <Filter>Engine\FrameInfo</Filter>
    </ClCompile>
    <ClCompile Include="Utils\CsvLoad\CsvLoad.cpp">
      <Filter>Utils\CsvLoad</Filter>
    </ClCompile>
    <ClCompile Include="Input\Input.cpp">
      <Filter>Input</Filter>
    </ClCompile>
    <ClCompile Include="Utils\Log\Log.cpp">
      <Filter>Utils\Log</Filter>
    </ClCompile>
    <ClCompile Include="Utils\ConvertString\ConvertString.cpp">
      <Filter>Utils\ConvertString</Filter>
    </ClCompile>
    <ClCompile Include="Drawers\Particle\Particle.cpp">
      <Filter>Drawers\Particle</Filter>
    </ClCompile>
    <ClCompile Include="Utils\UtilsLib\UtilsLib.cpp">
      <Filter>Utils\UtilsLib</Filter>
    </ClCompile>
    <ClCompile Include="Utils\Easeing\Easeing.cpp">
      <Filter>Utils\Easeing</Filter>
    </ClCompile>
  </ItemGroup>
  <ItemGroup>
    <Filter Include="Engine">
      <UniqueIdentifier>{d3b2314c-5abb-4996-9d77-ddedf3938121}</UniqueIdentifier>
    </Filter>
    <Filter Include="ImGui">
      <UniqueIdentifier>{5b876a97-01b6-4bd9-86f8-cc06c481da52}</UniqueIdentifier>
    </Filter>
    <Filter Include="Engine\WinApp">
      <UniqueIdentifier>{b53c25de-314b-4648-8852-e97c158f0275}</UniqueIdentifier>
    </Filter>
    <Filter Include="Engine\ShaderManager">
      <UniqueIdentifier>{e9f17783-c021-4323-ae3b-d9f04d63298d}</UniqueIdentifier>
    </Filter>
    <Filter Include="Engine\ConstBuffer">
      <UniqueIdentifier>{e59427f8-55ba-46bf-b8a3-e4974976afc4}</UniqueIdentifier>
    </Filter>
    <Filter Include="TextureManager">
      <UniqueIdentifier>{1336c590-e855-4d4f-92b9-fa2698582835}</UniqueIdentifier>
    </Filter>
    <Filter Include="TextureManager\Texture">
      <UniqueIdentifier>{5c638997-6f2b-4dd7-9e5b-0d6092ae02f0}</UniqueIdentifier>
    </Filter>
    <Filter Include="Engine\RootSignature">
      <UniqueIdentifier>{e940fd55-6a3e-4764-ba45-668507747c4f}</UniqueIdentifier>
    </Filter>
    <Filter Include="AudioManager">
      <UniqueIdentifier>{2487b7fc-0f80-433c-af4a-03b5842ec259}</UniqueIdentifier>
    </Filter>
    <Filter Include="AudioManager\Audio">
      <UniqueIdentifier>{7d34ec95-2a47-42f6-93fb-23ebe8cc0e42}</UniqueIdentifier>
    </Filter>
    <Filter Include="GlobalVariables">
      <UniqueIdentifier>{dff28833-6a2e-4902-9a4c-e0a7cb10934b}</UniqueIdentifier>
    </Filter>
    <Filter Include="Engine\ErrorCheck">
      <UniqueIdentifier>{a8ce4ac6-d6d6-46ea-aa47-a5463509a0f9}</UniqueIdentifier>
    </Filter>
    <Filter Include="Drawers">
      <UniqueIdentifier>{13568cd3-f8d9-4f82-a4be-021ef5239ea6}</UniqueIdentifier>
    </Filter>
    <Filter Include="Drawers\Texture2D">
      <UniqueIdentifier>{192c5cda-f43f-40d2-9f13-b9f849327730}</UniqueIdentifier>
    </Filter>
    <Filter Include="Drawers\Model">
      <UniqueIdentifier>{75878dc3-228d-4f78-a159-c89a43ffafe2}</UniqueIdentifier>
    </Filter>
    <Filter Include="Drawers\Line">
      <UniqueIdentifier>{17a37595-e9f9-42e9-9496-d637dc153066}</UniqueIdentifier>
    </Filter>
    <Filter Include="Drawers\PeraRender">
      <UniqueIdentifier>{9f8d179a-c3cd-4256-8e00-4a3389c927d7}</UniqueIdentifier>
    </Filter>
    <Filter Include="Input">
      <UniqueIdentifier>{2c0b204b-f97b-4c0f-998a-577cdd645955}</UniqueIdentifier>
    </Filter>
    <Filter Include="Input\Gamepad">
      <UniqueIdentifier>{5ba5205c-920a-4591-82c3-2c13db824148}</UniqueIdentifier>
    </Filter>
    <Filter Include="Input\KeyInput">
      <UniqueIdentifier>{54cbf6cd-6d5d-4737-917a-4febfd4a8d56}</UniqueIdentifier>
    </Filter>
    <Filter Include="Input\Mouse">
      <UniqueIdentifier>{840634f8-e2bb-40d7-a128-78abed2ce12a}</UniqueIdentifier>
    </Filter>
    <Filter Include="Engine\PipelineManager">
      <UniqueIdentifier>{aef4978c-e692-4066-935c-3e9860805d1d}</UniqueIdentifier>
    </Filter>
    <Filter Include="Engine\PipelineManager\Pipeline">
      <UniqueIdentifier>{5aa3bff6-a3f3-4517-bc62-2b54b5734cbd}</UniqueIdentifier>
    </Filter>
    <Filter Include="Drawers\StringOut">
      <UniqueIdentifier>{8f6f9f0d-e177-4c18-b9a0-cab1926af85b}</UniqueIdentifier>
    </Filter>
    <Filter Include="Engine\RenderTarget">
      <UniqueIdentifier>{ece16fea-31ac-410e-9402-f17c929ef028}</UniqueIdentifier>
    </Filter>
    <Filter Include="Engine\ShaderResource">
      <UniqueIdentifier>{5325ce8c-6115-444a-84db-472a18839f17}</UniqueIdentifier>
    </Filter>
    <Filter Include="Utils">
      <UniqueIdentifier>{42aaa316-1089-4ab2-ba8d-4be0f3334763}</UniqueIdentifier>
    </Filter>
    <Filter Include="Utils\UIeditor">
      <UniqueIdentifier>{c891625b-e73e-48c3-8e4b-9b85cd8aab89}</UniqueIdentifier>
    </Filter>
    <Filter Include="Utils\Camera">
      <UniqueIdentifier>{83ad4e33-18a7-4b34-afb3-3b41fc1e2017}</UniqueIdentifier>
    </Filter>
    <Filter Include="Utils\Math">
      <UniqueIdentifier>{f4d2bb2b-5300-4906-bcac-3c4a0124dcf7}</UniqueIdentifier>
    </Filter>
    <Filter Include="Utils\Action">
      <UniqueIdentifier>{d9155807-1673-4565-be3a-edfdf537e04f}</UniqueIdentifier>
    </Filter>
    <Filter Include="Utils\Action\Frame">
      <UniqueIdentifier>{607698ed-b760-4d10-b8a3-22a385153c5f}</UniqueIdentifier>
    </Filter>
    <Filter Include="MeshManager">
      <UniqueIdentifier>{e3b837b9-c45b-439a-98d3-36af6cb3ea8e}</UniqueIdentifier>
    </Filter>
    <Filter Include="MeshManager\Mesh">
      <UniqueIdentifier>{32d082aa-0e85-4ef4-b2d9-1c07a678fc69}</UniqueIdentifier>
    </Filter>
    <Filter Include="Engine\FrameInfo">
      <UniqueIdentifier>{0b450b74-986a-4b3d-9a34-b57d457b62d0}</UniqueIdentifier>
    </Filter>
    <Filter Include="Utils\CsvLoad">
      <UniqueIdentifier>{0801bfcf-a0f8-4f86-b79a-283b0de7cdd3}</UniqueIdentifier>
    </Filter>
    <Filter Include="Utils\Log">
      <UniqueIdentifier>{50f0f596-926c-4b48-959c-d79c4f823f0f}</UniqueIdentifier>
    </Filter>
    <Filter Include="Utils\ConvertString">
      <UniqueIdentifier>{5a7a3057-cf34-4af9-a2fc-9484d57e4dd8}</UniqueIdentifier>
    </Filter>
    <Filter Include="Drawers\Particle">
      <UniqueIdentifier>{74ff570f-55aa-4e31-bc0a-31a651c20427}</UniqueIdentifier>
    </Filter>
    <Filter Include="Engine\StructuredBuffer">
      <UniqueIdentifier>{67f2e570-6474-4122-b2bf-ce326d65d075}</UniqueIdentifier>
    </Filter>
    <Filter Include="Utils\UtilsLib">
      <UniqueIdentifier>{7361faea-b8e5-461b-8d0b-4bd9abd1948d}</UniqueIdentifier>
    </Filter>
    <Filter Include="Utils\Easeing">
      <UniqueIdentifier>{f16e45ab-4143-42ad-8fd5-3f82c6326404}</UniqueIdentifier>
    </Filter>
  </ItemGroup>
  <ItemGroup>
    <ClInclude Include="Engine\Engine.h">
      <Filter>Engine</Filter>
    </ClInclude>
    <ClInclude Include="externals\imgui\imconfig.h">
      <Filter>ImGui</Filter>
    </ClInclude>
    <ClInclude Include="externals\imgui\imgui.h">
      <Filter>ImGui</Filter>
    </ClInclude>
    <ClInclude Include="externals\imgui\imgui_impl_dx12.h">
      <Filter>ImGui</Filter>
    </ClInclude>
    <ClInclude Include="externals\imgui\imgui_impl_win32.h">
      <Filter>ImGui</Filter>
    </ClInclude>
    <ClInclude Include="externals\imgui\imgui_internal.h">
      <Filter>ImGui</Filter>
    </ClInclude>
    <ClInclude Include="externals\imgui\imstb_rectpack.h">
      <Filter>ImGui</Filter>
    </ClInclude>
    <ClInclude Include="externals\imgui\imstb_textedit.h">
      <Filter>ImGui</Filter>
    </ClInclude>
    <ClInclude Include="externals\imgui\imstb_truetype.h">
      <Filter>ImGui</Filter>
    </ClInclude>
    <ClInclude Include="Engine\WinApp\WinApp.h">
      <Filter>Engine\WinApp</Filter>
    </ClInclude>
    <ClInclude Include="Engine\ShaderManager\ShaderManager.h">
      <Filter>Engine\ShaderManager</Filter>
    </ClInclude>
    <ClInclude Include="Engine\ConstBuffer\ConstBuffer.h">
      <Filter>Engine\ConstBuffer</Filter>
    </ClInclude>
    <ClInclude Include="TextureManager\TextureManager.h">
      <Filter>TextureManager</Filter>
    </ClInclude>
    <ClInclude Include="TextureManager\Texture\Texture.h">
      <Filter>TextureManager\Texture</Filter>
    </ClInclude>
    <ClInclude Include="AudioManager\AudioManager.h">
      <Filter>AudioManager</Filter>
    </ClInclude>
    <ClInclude Include="AudioManager\Audio\Audio.h">
      <Filter>AudioManager\Audio</Filter>
    </ClInclude>
    <ClInclude Include="Engine\RootSignature\RootSignature.h">
      <Filter>Engine\RootSignature</Filter>
    </ClInclude>
    <ClInclude Include="GlobalVariables\GlobalVariables.h">
      <Filter>GlobalVariables</Filter>
    </ClInclude>
    <ClInclude Include="Engine\ErrorCheck\ErrorCheck.h">
      <Filter>Engine\ErrorCheck</Filter>
    </ClInclude>
    <ClInclude Include="Input\Gamepad\Gamepad.h">
      <Filter>Input\Gamepad</Filter>
    </ClInclude>
    <ClInclude Include="Input\KeyInput\KeyInput.h">
      <Filter>Input\KeyInput</Filter>
    </ClInclude>
    <ClInclude Include="Input\Mouse\Mouse.h">
      <Filter>Input\Mouse</Filter>
    </ClInclude>
    <ClInclude Include="Drawers\Line\Line.h">
      <Filter>Drawers\Line</Filter>
    </ClInclude>
    <ClInclude Include="Drawers\Model\Model.h">
      <Filter>Drawers\Model</Filter>
    </ClInclude>
    <ClInclude Include="Drawers\PeraRender\PeraRender.h">
      <Filter>Drawers\PeraRender</Filter>
    </ClInclude>
    <ClInclude Include="Drawers\Texture2D\Texture2D.h">
      <Filter>Drawers\Texture2D</Filter>
    </ClInclude>
    <ClInclude Include="Drawers\StringOut\StringOut.h">
      <Filter>Drawers\StringOut</Filter>
    </ClInclude>
    <ClInclude Include="Engine\PipelineManager\PipelineManager.h">
      <Filter>Engine\PipelineManager</Filter>
    </ClInclude>
    <ClInclude Include="Engine\PipelineManager\Pipeline\Pipeline.h">
      <Filter>Engine\PipelineManager\Pipeline</Filter>
    </ClInclude>
    <ClInclude Include="Utils\Action\Frame\Frame.h">
      <Filter>Utils\Action\Frame</Filter>
    </ClInclude>
    <ClInclude Include="Utils\Camera\Camera.h">
      <Filter>Utils\Camera</Filter>
    </ClInclude>
    <ClInclude Include="Utils\Math\Mat4x4.h">
      <Filter>Utils\Math</Filter>
    </ClInclude>
    <ClInclude Include="Utils\Math\Vector2.h">
      <Filter>Utils\Math</Filter>
    </ClInclude>
    <ClInclude Include="Utils\Math\Vector3.h">
      <Filter>Utils\Math</Filter>
    </ClInclude>
    <ClInclude Include="Utils\Math\Vector4.h">
      <Filter>Utils\Math</Filter>
    </ClInclude>
    <ClInclude Include="Utils\UIeditor\UIeditor.h">
      <Filter>Utils\UIeditor</Filter>
    </ClInclude>
    <ClInclude Include="Engine\RenderTarget\RenderTarget.h">
      <Filter>Engine\RenderTarget</Filter>
    </ClInclude>
    <ClInclude Include="Engine\ShaderResource\ShaderResourceHeap.h">
      <Filter>Engine\ShaderResource</Filter>
    </ClInclude>
    <ClInclude Include="GlobalVariables\VariantItem.h">
      <Filter>GlobalVariables</Filter>
    </ClInclude>
    <ClInclude Include="MeshManager\MeshManager.h">
      <Filter>MeshManager</Filter>
    </ClInclude>
    <ClInclude Include="MeshManager\Mesh\Mesh.h">
      <Filter>MeshManager\Mesh</Filter>
    </ClInclude>
    <ClInclude Include="Engine\FrameInfo\FrameInfo.h">
      <Filter>Engine\FrameInfo</Filter>
    </ClInclude>
    <ClInclude Include="Utils\CsvLoad\CsvLoad.h">
      <Filter>Utils\CsvLoad</Filter>
    </ClInclude>
    <ClInclude Include="Input\Input.h">
      <Filter>Input</Filter>
    </ClInclude>
    <ClInclude Include="Utils\Log\Log.h">
      <Filter>Utils\Log</Filter>
    </ClInclude>
    <ClInclude Include="Utils\ConvertString\ConvertString.h">
      <Filter>Utils\ConvertString</Filter>
    </ClInclude>
    <ClInclude Include="Drawers\Particle\Particle.h">
      <Filter>Drawers\Particle</Filter>
    </ClInclude>
    <ClInclude Include="Engine\StructuredBuffer\StructuredBuffer.h">
      <Filter>Engine\StructuredBuffer</Filter>
    </ClInclude>
    <ClInclude Include="Utils\UtilsLib\UtilsLib.h">
      <Filter>Utils\UtilsLib</Filter>
    </ClInclude>
    <ClInclude Include="Utils\Easeing\Easeing.h">
      <Filter>Utils\Easeing</Filter>
    </ClInclude>
  </ItemGroup>
  <ItemGroup>
    <Text Include="externals\imgui\LICENSE.txt">
      <Filter>ImGui</Filter>
    </Text>
  </ItemGroup>
</Project>